DEPENDENCIES
  ark
  bootstrap
    path: ../bootstrap
  consul
  iptables
  yum-epel

GRAPH
  7-zip (1.0.2)
    windows (>= 1.2.2)
  apt (2.7.0)
  ark (0.9.0)
    7-zip (>= 0.0.0)
    windows (>= 0.0.0)
  bootstrap (0.0.1)
    ark (>= 0.0.0)
    consul (>= 0.6.0)
    iptables (>= 0.0.0)
    yum-epel (>= 0.0.0)
  build-essential (2.2.2)
  chef-provisioning (0.1.2)
    build-essential (>= 0.0.0)
  chef_handler (1.1.6)
  consul (0.9.1)
    chef-provisioning (>= 0.0.0)
    golang (~> 1.4)
    libarchive (~> 0.4.0)
    runit (>= 0.0.0)
    yum-repoforge (>= 0.0.0)
  golang (1.5.0)
  iptables (1.0.0)
  libarchive (0.4.4)
    apt (~> 2.5)
    build-essential (~> 2.0)
  runit (1.5.18)
    build-essential (>= 0.0.0)
    yum (~> 3.0)
    yum-epel (>= 0.0.0)
  windows (1.36.6)
    chef_handler (>= 0.0.0)
  yum (3.5.4)
  yum-epel (0.6.0)
    yum (~> 3.0)
  yum-repoforge (0.5.0)
    yum (~> 3.0)
    yum-epel (>= 0.0.0)
